
Microsoft Visual Studio Solution File, Format Version 12.00
# Visual Studio 15
VisualStudioVersion = 15.0.28307.271
MinimumVisualStudioVersion = 10.0.40219.1
Project("{8BC9CEB8-8B4A-11D0-8D11-00A0C91BC942}") = "04_DrawModel", "04_DrawModel.vcxproj", "{72422EAA-7D64-4C49-87F1-85F84A1D664F}"
EndProject
Global
	GlobalSection(SolutionConfigurationPlatforms) = preSolution
		Debug|x64 = Debug|x64
		Debug|x86 = Debug|x86
		Release|x64 = Release|x64
		Release|x86 = Release|x86
	EndGlobalSection
	GlobalSection(ProjectConfigurationPlatforms) = postSolution
		{72422EAA-7D64-4C49-87F1-85F84A1D664F}.Debug|x64.ActiveCfg = Debug|x64
		{72422EAA-7D64-4C49-87F1-85F84A1D664F}.Debug|x64.Build.0 = Debug|x64
		{72422EAA-7D64-4C49-87F1-85F84A1D664F}.Debug|x86.ActiveCfg = Debug|Win32
		{72422EAA-7D64-4C49-87F1-85F84A1D664F}.Debug|x86.Build.0 = Debug|Win32
		{72422EAA-7D64-4C49-87F1-85F84A1D664F}.Release|x64.ActiveCfg = Release|x64
		{72422EAA-7D64-4C49-87F1-85F84A1D664F}.Release|x64.Build.0 = Release|x64
		{72422EAA-7D64-4C49-87F1-85F84A1D664F}.Release|x86.ActiveCfg = Release|Win32
		{72422EAA-7D64-4C49-87F1-85F84A1D664F}.Release|x86.Build.0 = Release|Win32
	EndGlobalSection
	GlobalSection(SolutionProperties) = preSolution
		HideSolutionNode = FALSE
	EndGlobalSection
	GlobalSection(ExtensibilityGlobals) = postSolution
		SolutionGuid = {FFBF0BD1-7627-40C3-8A3F-1D43783CCB95}
	EndGlobalSection
EndGlobal
